// !$*UTF8*$!
{
	archiveVersion = 1;
	classes = {
	};
	objectVersion = 77;
	objects = {

/* Begin PBXBuildFile section */
		C40A13F02E0D7AC00069F35C /* ContentView.swift in Sources */ = {isa = PBXBuildFile; fileRef = C40A13ED2E0D7AC00069F35C /* ContentView.swift */; };
		C40A13F12E0D7AC00069F35C /* Workout_AppApp.swift in Sources */ = {isa = PBXBuildFile; fileRef = C40A13EE2E0D7AC00069F35C /* Workout_AppApp.swift */; };
		C40A13F22E0D7AC00069F35C /* Preview Assets.xcassets in Resources */ = {isa = PBXBuildFile; fileRef = C40A13EA2E0D7AC00069F35C /* Preview Assets.xcassets */; };
		C40A13F32E0D7AC00069F35C /* Assets.xcassets in Resources */ = {isa = PBXBuildFile; fileRef = C40A13EC2E0D7AC00069F35C /* Assets.xcassets */; };
		C40A13F92E0D7B250069F35C /* Exercise.swift in Sources */ = {isa = PBXBuildFile; fileRef = C40A13F82E0D7B250069F35C /* Exercise.swift */; };
		C40A13FA2E0D7BCD0069F35C /* DataModel.swift in Sources */ = {isa = PBXBuildFile; fileRef = C40A13F62E0D7B080069F35C /* DataModel.swift */; };
		C40A13FD2E0D7D180069F35C /* DefaultExercises.swift in Sources */ = {isa = PBXBuildFile; fileRef = C40A13FC2E0D7D180069F35C /* DefaultExercises.swift */; };
		C40A14022E0D7F810069F35C /* ExerciseListView.swift in Sources */ = {isa = PBXBuildFile; fileRef = C40A14012E0D7F810069F35C /* ExerciseListView.swift */; };
		C40A14042E0E03480069F35C /* ExerciseRowView.swift in Sources */ = {isa = PBXBuildFile; fileRef = C40A14032E0E03480069F35C /* ExerciseRowView.swift */; };
		C40A14062E0E05300069F35C /* ExerciseIconView.swift in Sources */ = {isa = PBXBuildFile; fileRef = C40A14052E0E05300069F35C /* ExerciseIconView.swift */; };
		C40A14092E0E061A0069F35C /* MuscleType.swift in Sources */ = {isa = PBXBuildFile; fileRef = C40A14082E0E061A0069F35C /* MuscleType.swift */; };
		C40A140B2E0E07EC0069F35C /* MuscleRegion.swift in Sources */ = {isa = PBXBuildFile; fileRef = C40A140A2E0E07EC0069F35C /* MuscleRegion.swift */; };
		C40A140F2E0E0F770069F35C /* ExerciseDetailView.swift in Sources */ = {isa = PBXBuildFile; fileRef = C40A140E2E0E0F770069F35C /* ExerciseDetailView.swift */; };
		C40A14242E0E1DC50069F35C /* EquipmentType.swift in Sources */ = {isa = PBXBuildFile; fileRef = C40A14232E0E1DC50069F35C /* EquipmentType.swift */; };
		C40A14262E0EB1650069F35C /* ExerciseFilterView.swift in Sources */ = {isa = PBXBuildFile; fileRef = C40A14252E0EB1650069F35C /* ExerciseFilterView.swift */; };
		C40A14282E0EB2C10069F35C /* EquipmentTypeFilterView.swift in Sources */ = {isa = PBXBuildFile; fileRef = C40A14272E0EB2C10069F35C /* EquipmentTypeFilterView.swift */; };
		C40A142A2E0EB3920069F35C /* EquipmentIconView.swift in Sources */ = {isa = PBXBuildFile; fileRef = C40A14292E0EB3920069F35C /* EquipmentIconView.swift */; };
		C40A142C2E0EB4E30069F35C /* EquipmentTypeFilterRowView.swift in Sources */ = {isa = PBXBuildFile; fileRef = C40A142B2E0EB4E30069F35C /* EquipmentTypeFilterRowView.swift */; };
		C40A142E2E0EB91E0069F35C /* MuscleTypeFilterView.swift in Sources */ = {isa = PBXBuildFile; fileRef = C40A142D2E0EB91E0069F35C /* MuscleTypeFilterView.swift */; };
		C40A14302E0EB97D0069F35C /* MuscleTypeFilterRowView.swift in Sources */ = {isa = PBXBuildFile; fileRef = C40A142F2E0EB97D0069F35C /* MuscleTypeFilterRowView.swift */; };
		C40A14322E0EB9CC0069F35C /* MuscleIconView.swift in Sources */ = {isa = PBXBuildFile; fileRef = C40A14312E0EB9CC0069F35C /* MuscleIconView.swift */; };
		C40A14492E0EBAE10069F35C /* FilterButtonLabel.swift in Sources */ = {isa = PBXBuildFile; fileRef = C40A14482E0EBAE10069F35C /* FilterButtonLabel.swift */; };
		C40A14512E0F85780069F35C /* AlphabetScrollView.swift in Sources */ = {isa = PBXBuildFile; fileRef = C40A14502E0F85780069F35C /* AlphabetScrollView.swift */; };
		C40A14532E0F85800069F35C /* Alphabetizable.swift in Sources */ = {isa = PBXBuildFile; fileRef = C40A14522E0F85800069F35C /* Alphabetizable.swift */; };
		C40A14552E0F85850069F35C /* CollectionDisplayMode.swift in Sources */ = {isa = PBXBuildFile; fileRef = C40A14542E0F85850069F35C /* CollectionDisplayMode.swift */; };
		C40A14572E0F858A0069F35C /* SectionIndexTitles.swift in Sources */ = {isa = PBXBuildFile; fileRef = C40A14562E0F858A0069F35C /* SectionIndexTitles.swift */; };
		C40A146D2E103DBD0069F35C /* Workout.swift in Sources */ = {isa = PBXBuildFile; fileRef = C40A146C2E103DBD0069F35C /* Workout.swift */; };
		C40A14702E103E5F0069F35C /* ExerciseSortType.swift in Sources */ = {isa = PBXBuildFile; fileRef = C40A146F2E103E5F0069F35C /* ExerciseSortType.swift */; };
		C40A14722E1040DF0069F35C /* ExerciseTab.swift in Sources */ = {isa = PBXBuildFile; fileRef = C40A14712E1040DF0069F35C /* ExerciseTab.swift */; };
		C40A14752E1045730069F35C /* WorkoutTab.swift in Sources */ = {isa = PBXBuildFile; fileRef = C40A14742E1045730069F35C /* WorkoutTab.swift */; };
		C40A14782E10458F0069F35C /* HistoryTab.swift in Sources */ = {isa = PBXBuildFile; fileRef = C40A14772E10458F0069F35C /* HistoryTab.swift */; };
		C40A147A2E1047230069F35C /* WorkoutView.swift in Sources */ = {isa = PBXBuildFile; fileRef = C40A14792E1047230069F35C /* WorkoutView.swift */; };
		C40A147F2E10649B0069F35C /* GlobalHelpers.swift in Sources */ = {isa = PBXBuildFile; fileRef = C40A147E2E10649B0069F35C /* GlobalHelpers.swift */; };
		C40A14822E1066200069F35C /* WorkoutHeaderView.swift in Sources */ = {isa = PBXBuildFile; fileRef = C40A14812E1066200069F35C /* WorkoutHeaderView.swift */; };
		C40A14842E10692F0069F35C /* WorkoutAddCancelButtonsView.swift in Sources */ = {isa = PBXBuildFile; fileRef = C40A14832E10692F0069F35C /* WorkoutAddCancelButtonsView.swift */; };
		C40A14862E106C420069F35C /* ExerciseSet.swift in Sources */ = {isa = PBXBuildFile; fileRef = C40A14852E106C420069F35C /* ExerciseSet.swift */; };
		C40A14882E106D410069F35C /* WorkoutExercise.swift in Sources */ = {isa = PBXBuildFile; fileRef = C40A14872E106D410069F35C /* WorkoutExercise.swift */; };
		C40A148A2E106E3D0069F35C /* WorkoutExerciseListView.swift in Sources */ = {isa = PBXBuildFile; fileRef = C40A14892E106E3D0069F35C /* WorkoutExerciseListView.swift */; };
		C40A148D2E106FDC0069F35C /* AddWorkoutExerciseView.swift in Sources */ = {isa = PBXBuildFile; fileRef = C40A148C2E106FDC0069F35C /* AddWorkoutExerciseView.swift */; };
		C40A148F2E107C820069F35C /* DefaultSuperSetColors.swift in Sources */ = {isa = PBXBuildFile; fileRef = C40A148E2E107C820069F35C /* DefaultSuperSetColors.swift */; };
		C40A14922E107CEA0069F35C /* Color+Extension.swift in Sources */ = {isa = PBXBuildFile; fileRef = C40A14912E107CEA0069F35C /* Color+Extension.swift */; };
		C40A14942E107D140069F35C /* UIColor+Extension.swift in Sources */ = {isa = PBXBuildFile; fileRef = C40A14932E107D140069F35C /* UIColor+Extension.swift */; };
		C40A14982E108D1C0069F35C /* ExerciseType.swift in Sources */ = {isa = PBXBuildFile; fileRef = C40A14972E108D1C0069F35C /* ExerciseType.swift */; };
		C40A149C2E10AC0B0069F35C /* WorkoutExerciseRowView.swift in Sources */ = {isa = PBXBuildFile; fileRef = C40A149A2E10AC0B0069F35C /* WorkoutExerciseRowView.swift */; };
		C40A149E2E10AC1F0069F35C /* WorkoutExerciseRowColumnsHeaderView.swift in Sources */ = {isa = PBXBuildFile; fileRef = C40A149D2E10AC1F0069F35C /* WorkoutExerciseRowColumnsHeaderView.swift */; };
		C40A14A02E10AE9B0069F35C /* WeightUnitType.swift in Sources */ = {isa = PBXBuildFile; fileRef = C40A149F2E10AE9B0069F35C /* WeightUnitType.swift */; };
		C40A14A22E10AF020069F35C /* DistanceUnitType.swift in Sources */ = {isa = PBXBuildFile; fileRef = C40A14A12E10AF020069F35C /* DistanceUnitType.swift */; };
		C40A14A42E10AFF30069F35C /* HeightUnitType.swift in Sources */ = {isa = PBXBuildFile; fileRef = C40A14A32E10AFF30069F35C /* HeightUnitType.swift */; };
		C40A14A62E10BBBB0069F35C /* WorkoutExerciseRowSetsView.swift in Sources */ = {isa = PBXBuildFile; fileRef = C40A14A52E10BBBB0069F35C /* WorkoutExerciseRowSetsView.swift */; };
		C4CC23E42E14B190002E2511 /* NavigationPaths.swift in Sources */ = {isa = PBXBuildFile; fileRef = C4CC23E32E14B190002E2511 /* NavigationPaths.swift */; };
		C4CC23FE2E15FA00002E2511 /* CustomEditButton.swift in Sources */ = {isa = PBXBuildFile; fileRef = C4CC23FD2E15FA00002E2511 /* CustomEditButton.swift */; };
		C4CC24012E161125002E2511 /* WorkoutExerciseSetRow.swift in Sources */ = {isa = PBXBuildFile; fileRef = C4CC24002E161125002E2511 /* WorkoutExerciseSetRow.swift */; };
		C4CC24032E161BB8002E2511 /* SetTypeIconMenuView.swift in Sources */ = {isa = PBXBuildFile; fileRef = C4CC24022E161BB8002E2511 /* SetTypeIconMenuView.swift */; };
		C4CC24052E161EB2002E2511 /* SetTypeInfoView.swift in Sources */ = {isa = PBXBuildFile; fileRef = C4CC24042E161EB2002E2511 /* SetTypeInfoView.swift */; };
		C4CC24072E1622E6002E2511 /* SetTypeIconView.swift in Sources */ = {isa = PBXBuildFile; fileRef = C4CC24062E1622E6002E2511 /* SetTypeIconView.swift */; };
		C4CC24182E1972D7002E2511 /* WeightedRepsSetRowView.swift in Sources */ = {isa = PBXBuildFile; fileRef = C4CC24172E1972D7002E2511 /* WeightedRepsSetRowView.swift */; };
		C4CC241A2E197314002E2511 /* BodyweightRepsSetRowView.swift in Sources */ = {isa = PBXBuildFile; fileRef = C4CC24192E197314002E2511 /* BodyweightRepsSetRowView.swift */; };
		C4CC241C2E197336002E2511 /* TimeBasedSetRowView.swift in Sources */ = {isa = PBXBuildFile; fileRef = C4CC241B2E197336002E2511 /* TimeBasedSetRowView.swift */; };
		C4CC241E2E19735F002E2511 /* DistanceTimeSetRowView.swift in Sources */ = {isa = PBXBuildFile; fileRef = C4CC241D2E19735F002E2511 /* DistanceTimeSetRowView.swift */; };
		C4CC24202E197386002E2511 /* DistanceOnlySetRowView.swift in Sources */ = {isa = PBXBuildFile; fileRef = C4CC241F2E197386002E2511 /* DistanceOnlySetRowView.swift */; };
		C4CC24222E197398002E2511 /* TimeOnlySetRowView.swift in Sources */ = {isa = PBXBuildFile; fileRef = C4CC24212E197398002E2511 /* TimeOnlySetRowView.swift */; };
		C4CC24242E1973B2002E2511 /* RepsOnlySetRowView.swift in Sources */ = {isa = PBXBuildFile; fileRef = C4CC24232E1973B2002E2511 /* RepsOnlySetRowView.swift */; };
		C4CC24262E1973C8002E2511 /* HeightRepsSetRowView.swift in Sources */ = {isa = PBXBuildFile; fileRef = C4CC24252E1973C8002E2511 /* HeightRepsSetRowView.swift */; };
		C4CC24282E1973D9002E2511 /* HeightOnlySetRowView.swift in Sources */ = {isa = PBXBuildFile; fileRef = C4CC24272E1973D9002E2511 /* HeightOnlySetRowView.swift */; };
/* End PBXBuildFile section */

/* Begin PBXFileReference section */
		C40A13B22E0D78E70069F35C /* Workout App.app */ = {isa = PBXFileReference; explicitFileType = wrapper.application; includeInIndex = 0; path = "Workout App.app"; sourceTree = BUILT_PRODUCTS_DIR; };
		C40A13EA2E0D7AC00069F35C /* Preview Assets.xcassets */ = {isa = PBXFileReference; lastKnownFileType = folder.assetcatalog; path = "Preview Assets.xcassets"; sourceTree = "<group>"; };
		C40A13EC2E0D7AC00069F35C /* Assets.xcassets */ = {isa = PBXFileReference; lastKnownFileType = folder.assetcatalog; path = Assets.xcassets; sourceTree = "<group>"; };
		C40A13ED2E0D7AC00069F35C /* ContentView.swift */ = {isa = PBXFileReference; lastKnownFileType = sourcecode.swift; path = ContentView.swift; sourceTree = "<group>"; };
		C40A13EE2E0D7AC00069F35C /* Workout_AppApp.swift */ = {isa = PBXFileReference; lastKnownFileType = sourcecode.swift; path = Workout_AppApp.swift; sourceTree = "<group>"; };
		C40A13F62E0D7B080069F35C /* DataModel.swift */ = {isa = PBXFileReference; lastKnownFileType = sourcecode.swift; path = DataModel.swift; sourceTree = "<group>"; };
		C40A13F82E0D7B250069F35C /* Exercise.swift */ = {isa = PBXFileReference; lastKnownFileType = sourcecode.swift; path = Exercise.swift; sourceTree = "<group>"; };
		C40A13FC2E0D7D180069F35C /* DefaultExercises.swift */ = {isa = PBXFileReference; lastKnownFileType = sourcecode.swift; path = DefaultExercises.swift; sourceTree = "<group>"; };
		C40A14012E0D7F810069F35C /* ExerciseListView.swift */ = {isa = PBXFileReference; lastKnownFileType = sourcecode.swift; path = ExerciseListView.swift; sourceTree = "<group>"; };
		C40A14032E0E03480069F35C /* ExerciseRowView.swift */ = {isa = PBXFileReference; lastKnownFileType = sourcecode.swift; path = ExerciseRowView.swift; sourceTree = "<group>"; };
		C40A14052E0E05300069F35C /* ExerciseIconView.swift */ = {isa = PBXFileReference; lastKnownFileType = sourcecode.swift; path = ExerciseIconView.swift; sourceTree = "<group>"; };
		C40A14082E0E061A0069F35C /* MuscleType.swift */ = {isa = PBXFileReference; lastKnownFileType = sourcecode.swift; path = MuscleType.swift; sourceTree = "<group>"; };
		C40A140A2E0E07EC0069F35C /* MuscleRegion.swift */ = {isa = PBXFileReference; lastKnownFileType = sourcecode.swift; path = MuscleRegion.swift; sourceTree = "<group>"; };
		C40A140E2E0E0F770069F35C /* ExerciseDetailView.swift */ = {isa = PBXFileReference; lastKnownFileType = sourcecode.swift; path = ExerciseDetailView.swift; sourceTree = "<group>"; };
		C40A14232E0E1DC50069F35C /* EquipmentType.swift */ = {isa = PBXFileReference; lastKnownFileType = sourcecode.swift; path = EquipmentType.swift; sourceTree = "<group>"; };
		C40A14252E0EB1650069F35C /* ExerciseFilterView.swift */ = {isa = PBXFileReference; lastKnownFileType = sourcecode.swift; path = ExerciseFilterView.swift; sourceTree = "<group>"; };
		C40A14272E0EB2C10069F35C /* EquipmentTypeFilterView.swift */ = {isa = PBXFileReference; lastKnownFileType = sourcecode.swift; path = EquipmentTypeFilterView.swift; sourceTree = "<group>"; };
		C40A14292E0EB3920069F35C /* EquipmentIconView.swift */ = {isa = PBXFileReference; lastKnownFileType = sourcecode.swift; path = EquipmentIconView.swift; sourceTree = "<group>"; };
		C40A142B2E0EB4E30069F35C /* EquipmentTypeFilterRowView.swift */ = {isa = PBXFileReference; lastKnownFileType = sourcecode.swift; path = EquipmentTypeFilterRowView.swift; sourceTree = "<group>"; };
		C40A142D2E0EB91E0069F35C /* MuscleTypeFilterView.swift */ = {isa = PBXFileReference; lastKnownFileType = sourcecode.swift; path = MuscleTypeFilterView.swift; sourceTree = "<group>"; };
		C40A142F2E0EB97D0069F35C /* MuscleTypeFilterRowView.swift */ = {isa = PBXFileReference; lastKnownFileType = sourcecode.swift; path = MuscleTypeFilterRowView.swift; sourceTree = "<group>"; };
		C40A14312E0EB9CC0069F35C /* MuscleIconView.swift */ = {isa = PBXFileReference; lastKnownFileType = sourcecode.swift; path = MuscleIconView.swift; sourceTree = "<group>"; };
		C40A14482E0EBAE10069F35C /* FilterButtonLabel.swift */ = {isa = PBXFileReference; lastKnownFileType = sourcecode.swift; path = FilterButtonLabel.swift; sourceTree = "<group>"; };
		C40A14502E0F85780069F35C /* AlphabetScrollView.swift */ = {isa = PBXFileReference; lastKnownFileType = sourcecode.swift; path = AlphabetScrollView.swift; sourceTree = "<group>"; };
		C40A14522E0F85800069F35C /* Alphabetizable.swift */ = {isa = PBXFileReference; lastKnownFileType = sourcecode.swift; path = Alphabetizable.swift; sourceTree = "<group>"; };
		C40A14542E0F85850069F35C /* CollectionDisplayMode.swift */ = {isa = PBXFileReference; lastKnownFileType = sourcecode.swift; path = CollectionDisplayMode.swift; sourceTree = "<group>"; };
		C40A14562E0F858A0069F35C /* SectionIndexTitles.swift */ = {isa = PBXFileReference; lastKnownFileType = sourcecode.swift; path = SectionIndexTitles.swift; sourceTree = "<group>"; };
		C40A146C2E103DBD0069F35C /* Workout.swift */ = {isa = PBXFileReference; lastKnownFileType = sourcecode.swift; path = Workout.swift; sourceTree = "<group>"; };
		C40A146F2E103E5F0069F35C /* ExerciseSortType.swift */ = {isa = PBXFileReference; lastKnownFileType = sourcecode.swift; path = ExerciseSortType.swift; sourceTree = "<group>"; };
		C40A14712E1040DF0069F35C /* ExerciseTab.swift */ = {isa = PBXFileReference; lastKnownFileType = sourcecode.swift; path = ExerciseTab.swift; sourceTree = "<group>"; };
		C40A14742E1045730069F35C /* WorkoutTab.swift */ = {isa = PBXFileReference; lastKnownFileType = sourcecode.swift; path = WorkoutTab.swift; sourceTree = "<group>"; };
		C40A14772E10458F0069F35C /* HistoryTab.swift */ = {isa = PBXFileReference; lastKnownFileType = sourcecode.swift; path = HistoryTab.swift; sourceTree = "<group>"; };
		C40A14792E1047230069F35C /* WorkoutView.swift */ = {isa = PBXFileReference; lastKnownFileType = sourcecode.swift; path = WorkoutView.swift; sourceTree = "<group>"; };
		C40A147E2E10649B0069F35C /* GlobalHelpers.swift */ = {isa = PBXFileReference; lastKnownFileType = sourcecode.swift; path = GlobalHelpers.swift; sourceTree = "<group>"; };
		C40A14812E1066200069F35C /* WorkoutHeaderView.swift */ = {isa = PBXFileReference; lastKnownFileType = sourcecode.swift; path = WorkoutHeaderView.swift; sourceTree = "<group>"; };
		C40A14832E10692F0069F35C /* WorkoutAddCancelButtonsView.swift */ = {isa = PBXFileReference; lastKnownFileType = sourcecode.swift; path = WorkoutAddCancelButtonsView.swift; sourceTree = "<group>"; };
		C40A14852E106C420069F35C /* ExerciseSet.swift */ = {isa = PBXFileReference; lastKnownFileType = sourcecode.swift; path = ExerciseSet.swift; sourceTree = "<group>"; };
		C40A14872E106D410069F35C /* WorkoutExercise.swift */ = {isa = PBXFileReference; lastKnownFileType = sourcecode.swift; path = WorkoutExercise.swift; sourceTree = "<group>"; };
		C40A14892E106E3D0069F35C /* WorkoutExerciseListView.swift */ = {isa = PBXFileReference; lastKnownFileType = sourcecode.swift; path = WorkoutExerciseListView.swift; sourceTree = "<group>"; };
		C40A148C2E106FDC0069F35C /* AddWorkoutExerciseView.swift */ = {isa = PBXFileReference; lastKnownFileType = sourcecode.swift; path = AddWorkoutExerciseView.swift; sourceTree = "<group>"; };
		C40A148E2E107C820069F35C /* DefaultSuperSetColors.swift */ = {isa = PBXFileReference; lastKnownFileType = sourcecode.swift; path = DefaultSuperSetColors.swift; sourceTree = "<group>"; };
		C40A14912E107CEA0069F35C /* Color+Extension.swift */ = {isa = PBXFileReference; lastKnownFileType = sourcecode.swift; path = "Color+Extension.swift"; sourceTree = "<group>"; };
		C40A14932E107D140069F35C /* UIColor+Extension.swift */ = {isa = PBXFileReference; lastKnownFileType = sourcecode.swift; path = "UIColor+Extension.swift"; sourceTree = "<group>"; };
		C40A14972E108D1C0069F35C /* ExerciseType.swift */ = {isa = PBXFileReference; lastKnownFileType = sourcecode.swift; path = ExerciseType.swift; sourceTree = "<group>"; };
		C40A149A2E10AC0B0069F35C /* WorkoutExerciseRowView.swift */ = {isa = PBXFileReference; lastKnownFileType = sourcecode.swift; path = WorkoutExerciseRowView.swift; sourceTree = "<group>"; };
		C40A149D2E10AC1F0069F35C /* WorkoutExerciseRowColumnsHeaderView.swift */ = {isa = PBXFileReference; lastKnownFileType = sourcecode.swift; path = WorkoutExerciseRowColumnsHeaderView.swift; sourceTree = "<group>"; };
		C40A149F2E10AE9B0069F35C /* WeightUnitType.swift */ = {isa = PBXFileReference; lastKnownFileType = sourcecode.swift; path = WeightUnitType.swift; sourceTree = "<group>"; };
		C40A14A12E10AF020069F35C /* DistanceUnitType.swift */ = {isa = PBXFileReference; lastKnownFileType = sourcecode.swift; path = DistanceUnitType.swift; sourceTree = "<group>"; };
		C40A14A32E10AFF30069F35C /* HeightUnitType.swift */ = {isa = PBXFileReference; lastKnownFileType = sourcecode.swift; path = HeightUnitType.swift; sourceTree = "<group>"; };
		C40A14A52E10BBBB0069F35C /* WorkoutExerciseRowSetsView.swift */ = {isa = PBXFileReference; lastKnownFileType = sourcecode.swift; path = WorkoutExerciseRowSetsView.swift; sourceTree = "<group>"; };
		C4CC23E32E14B190002E2511 /* NavigationPaths.swift */ = {isa = PBXFileReference; lastKnownFileType = sourcecode.swift; path = NavigationPaths.swift; sourceTree = "<group>"; };
		C4CC23FD2E15FA00002E2511 /* CustomEditButton.swift */ = {isa = PBXFileReference; lastKnownFileType = sourcecode.swift; path = CustomEditButton.swift; sourceTree = "<group>"; };
		C4CC24002E161125002E2511 /* WorkoutExerciseSetRow.swift */ = {isa = PBXFileReference; lastKnownFileType = sourcecode.swift; path = WorkoutExerciseSetRow.swift; sourceTree = "<group>"; };
		C4CC24022E161BB8002E2511 /* SetTypeIconMenuView.swift */ = {isa = PBXFileReference; lastKnownFileType = sourcecode.swift; path = SetTypeIconMenuView.swift; sourceTree = "<group>"; };
		C4CC24042E161EB2002E2511 /* SetTypeInfoView.swift */ = {isa = PBXFileReference; lastKnownFileType = sourcecode.swift; path = SetTypeInfoView.swift; sourceTree = "<group>"; };
		C4CC24062E1622E6002E2511 /* SetTypeIconView.swift */ = {isa = PBXFileReference; lastKnownFileType = sourcecode.swift; path = SetTypeIconView.swift; sourceTree = "<group>"; };
		C4CC24172E1972D7002E2511 /* WeightedRepsSetRowView.swift */ = {isa = PBXFileReference; lastKnownFileType = sourcecode.swift; path = WeightedRepsSetRowView.swift; sourceTree = "<group>"; };
		C4CC24192E197314002E2511 /* BodyweightRepsSetRowView.swift */ = {isa = PBXFileReference; lastKnownFileType = sourcecode.swift; path = BodyweightRepsSetRowView.swift; sourceTree = "<group>"; };
		C4CC241B2E197336002E2511 /* TimeBasedSetRowView.swift */ = {isa = PBXFileReference; lastKnownFileType = sourcecode.swift; path = TimeBasedSetRowView.swift; sourceTree = "<group>"; };
		C4CC241D2E19735F002E2511 /* DistanceTimeSetRowView.swift */ = {isa = PBXFileReference; lastKnownFileType = sourcecode.swift; path = DistanceTimeSetRowView.swift; sourceTree = "<group>"; };
		C4CC241F2E197386002E2511 /* DistanceOnlySetRowView.swift */ = {isa = PBXFileReference; lastKnownFileType = sourcecode.swift; path = DistanceOnlySetRowView.swift; sourceTree = "<group>"; };
		C4CC24212E197398002E2511 /* TimeOnlySetRowView.swift */ = {isa = PBXFileReference; lastKnownFileType = sourcecode.swift; path = TimeOnlySetRowView.swift; sourceTree = "<group>"; };
		C4CC24232E1973B2002E2511 /* RepsOnlySetRowView.swift */ = {isa = PBXFileReference; lastKnownFileType = sourcecode.swift; path = RepsOnlySetRowView.swift; sourceTree = "<group>"; };
		C4CC24252E1973C8002E2511 /* HeightRepsSetRowView.swift */ = {isa = PBXFileReference; lastKnownFileType = sourcecode.swift; path = HeightRepsSetRowView.swift; sourceTree = "<group>"; };
		C4CC24272E1973D9002E2511 /* HeightOnlySetRowView.swift */ = {isa = PBXFileReference; lastKnownFileType = sourcecode.swift; path = HeightOnlySetRowView.swift; sourceTree = "<group>"; };
/* End PBXFileReference section */

/* Begin PBXFrameworksBuildPhase section */
		C40A13AF2E0D78E70069F35C /* Frameworks */ = {
			isa = PBXFrameworksBuildPhase;
			buildActionMask = 2147483647;
			files = (
			);
			runOnlyForDeploymentPostprocessing = 0;
		};
/* End PBXFrameworksBuildPhase section */

/* Begin PBXGroup section */
		C40A13A92E0D78E70069F35C = {
			isa = PBXGroup;
			children = (
				C40A13F52E0D7B030069F35C /* Shared */,
				C40A13EF2E0D7AC00069F35C /* Workout App */,
				C40A13B32E0D78E70069F35C /* Products */,
			);
			sourceTree = "<group>";
		};
		C40A13B32E0D78E70069F35C /* Products */ = {
			isa = PBXGroup;
			children = (
				C40A13B22E0D78E70069F35C /* Workout App.app */,
			);
			name = Products;
			sourceTree = "<group>";
		};
		C40A13EB2E0D7AC00069F35C /* Preview Content */ = {
			isa = PBXGroup;
			children = (
				C40A13EA2E0D7AC00069F35C /* Preview Assets.xcassets */,
			);
			path = "Preview Content";
			sourceTree = "<group>";
		};
		C40A13EF2E0D7AC00069F35C /* Workout App */ = {
			isa = PBXGroup;
			children = (
				C40A14762E1045860069F35C /* History Tab */,
				C40A14732E1045660069F35C /* Workout Tab */,
				C40A146E2E103DEE0069F35C /* Exercise Tab */,
				C40A13EB2E0D7AC00069F35C /* Preview Content */,
				C40A13EC2E0D7AC00069F35C /* Assets.xcassets */,
				C40A13ED2E0D7AC00069F35C /* ContentView.swift */,
				C4CC23E32E14B190002E2511 /* NavigationPaths.swift */,
				C40A13EE2E0D7AC00069F35C /* Workout_AppApp.swift */,
			);
			path = "Workout App";
			sourceTree = "<group>";
		};
		C40A13F52E0D7B030069F35C /* Shared */ = {
			isa = PBXGroup;
			children = (
				C40A14902E107CE50069F35C /* Extension */,
				C40A147D2E10648B0069F35C /* Helpers */,
				C40A14072E0E060D0069F35C /* Enum */,
				C40A13FB2E0D7D010069F35C /* Default Models */,
				C40A13F72E0D7B180069F35C /* Model */,
				C40A13F62E0D7B080069F35C /* DataModel.swift */,
			);
			path = Shared;
			sourceTree = "<group>";
		};
		C40A13F72E0D7B180069F35C /* Model */ = {
			isa = PBXGroup;
			children = (
				C40A146C2E103DBD0069F35C /* Workout.swift */,
				C40A14872E106D410069F35C /* WorkoutExercise.swift */,
				C40A14852E106C420069F35C /* ExerciseSet.swift */,
				C40A13F82E0D7B250069F35C /* Exercise.swift */,
			);
			path = Model;
			sourceTree = "<group>";
		};
		C40A13FB2E0D7D010069F35C /* Default Models */ = {
			isa = PBXGroup;
			children = (
				C40A13FC2E0D7D180069F35C /* DefaultExercises.swift */,
				C40A148E2E107C820069F35C /* DefaultSuperSetColors.swift */,
			);
			path = "Default Models";
			sourceTree = "<group>";
		};
		C40A14002E0D7F6B0069F35C /* Exercise */ = {
			isa = PBXGroup;
			children = (
				C40A144A2E0F7D360069F35C /* Filter */,
				C40A144E2E0F7D6E0069F35C /* Exercise List */,
				C40A140E2E0E0F770069F35C /* ExerciseDetailView.swift */,
			);
			path = Exercise;
			sourceTree = "<group>";
		};
		C40A14072E0E060D0069F35C /* Enum */ = {
			isa = PBXGroup;
			children = (
				C40A140A2E0E07EC0069F35C /* MuscleRegion.swift */,
				C40A14082E0E061A0069F35C /* MuscleType.swift */,
				C40A14232E0E1DC50069F35C /* EquipmentType.swift */,
				C40A146F2E103E5F0069F35C /* ExerciseSortType.swift */,
				C40A14972E108D1C0069F35C /* ExerciseType.swift */,
				C40A149F2E10AE9B0069F35C /* WeightUnitType.swift */,
				C40A14A12E10AF020069F35C /* DistanceUnitType.swift */,
				C40A14A32E10AFF30069F35C /* HeightUnitType.swift */,
			);
			path = Enum;
			sourceTree = "<group>";
		};
		C40A144A2E0F7D360069F35C /* Filter */ = {
			isa = PBXGroup;
			children = (
				C40A14482E0EBAE10069F35C /* FilterButtonLabel.swift */,
				C40A14252E0EB1650069F35C /* ExerciseFilterView.swift */,
				C40A144C2E0F7D4B0069F35C /* Muscle Filter */,
				C40A144D2E0F7D5A0069F35C /* Equipment Filter */,
			);
			path = Filter;
			sourceTree = "<group>";
		};
		C40A144C2E0F7D4B0069F35C /* Muscle Filter */ = {
			isa = PBXGroup;
			children = (
				C40A142D2E0EB91E0069F35C /* MuscleTypeFilterView.swift */,
				C40A142F2E0EB97D0069F35C /* MuscleTypeFilterRowView.swift */,
				C40A14312E0EB9CC0069F35C /* MuscleIconView.swift */,
			);
			path = "Muscle Filter";
			sourceTree = "<group>";
		};
		C40A144D2E0F7D5A0069F35C /* Equipment Filter */ = {
			isa = PBXGroup;
			children = (
				C40A14272E0EB2C10069F35C /* EquipmentTypeFilterView.swift */,
				C40A142B2E0EB4E30069F35C /* EquipmentTypeFilterRowView.swift */,
				C40A14292E0EB3920069F35C /* EquipmentIconView.swift */,
			);
			path = "Equipment Filter";
			sourceTree = "<group>";
		};
		C40A144E2E0F7D6E0069F35C /* Exercise List */ = {
			isa = PBXGroup;
			children = (
				C40A144F2E0F85710069F35C /* Alphabet Scroll Bar */,
				C40A14012E0D7F810069F35C /* ExerciseListView.swift */,
				C40A14032E0E03480069F35C /* ExerciseRowView.swift */,
				C40A14052E0E05300069F35C /* ExerciseIconView.swift */,
			);
			path = "Exercise List";
			sourceTree = "<group>";
		};
		C40A144F2E0F85710069F35C /* Alphabet Scroll Bar */ = {
			isa = PBXGroup;
			children = (
				C40A14562E0F858A0069F35C /* SectionIndexTitles.swift */,
				C40A14542E0F85850069F35C /* CollectionDisplayMode.swift */,
				C40A14522E0F85800069F35C /* Alphabetizable.swift */,
				C40A14502E0F85780069F35C /* AlphabetScrollView.swift */,
			);
			path = "Alphabet Scroll Bar";
			sourceTree = "<group>";
		};
		C40A146E2E103DEE0069F35C /* Exercise Tab */ = {
			isa = PBXGroup;
			children = (
				C40A14002E0D7F6B0069F35C /* Exercise */,
				C40A14712E1040DF0069F35C /* ExerciseTab.swift */,
			);
			path = "Exercise Tab";
			sourceTree = "<group>";
		};
		C40A14732E1045660069F35C /* Workout Tab */ = {
			isa = PBXGroup;
			children = (
				C40A148B2E106FCA0069F35C /* Add Exercise */,
				C40A14802E10660E0069F35C /* Workout */,
				C40A14742E1045730069F35C /* WorkoutTab.swift */,
			);
			path = "Workout Tab";
			sourceTree = "<group>";
		};
		C40A14762E1045860069F35C /* History Tab */ = {
			isa = PBXGroup;
			children = (
				C40A14772E10458F0069F35C /* HistoryTab.swift */,
			);
			path = "History Tab";
			sourceTree = "<group>";
		};
		C40A147D2E10648B0069F35C /* Helpers */ = {
			isa = PBXGroup;
			children = (
				C40A147E2E10649B0069F35C /* GlobalHelpers.swift */,
			);
			path = Helpers;
			sourceTree = "<group>";
		};
		C40A14802E10660E0069F35C /* Workout */ = {
			isa = PBXGroup;
			children = (
				C4CC242B2E19753A002E2511 /* Components */,
				C40A14792E1047230069F35C /* WorkoutView.swift */,
			);
			path = Workout;
			sourceTree = "<group>";
		};
		C40A148B2E106FCA0069F35C /* Add Exercise */ = {
			isa = PBXGroup;
			children = (
				C40A148C2E106FDC0069F35C /* AddWorkoutExerciseView.swift */,
			);
			path = "Add Exercise";
			sourceTree = "<group>";
		};
		C40A14902E107CE50069F35C /* Extension */ = {
			isa = PBXGroup;
			children = (
				C40A14932E107D140069F35C /* UIColor+Extension.swift */,
				C40A14912E107CEA0069F35C /* Color+Extension.swift */,
			);
			path = Extension;
			sourceTree = "<group>";
		};
		C40A149B2E10AC0B0069F35C /* Workout Exercise Row */ = {
			isa = PBXGroup;
			children = (
				C4CC24292E197425002E2511 /* Workout Exercise Sets */,
				C40A149A2E10AC0B0069F35C /* WorkoutExerciseRowView.swift */,
			);
			path = "Workout Exercise Row";
			sourceTree = "<group>";
		};
		C4CC23FF2E161103002E2511 /* Exercise Set Row */ = {
			isa = PBXGroup;
			children = (
				C4CC24162E1972B4002E2511 /* Set Type Rows */,
				C4CC24002E161125002E2511 /* WorkoutExerciseSetRow.swift */,
			);
			path = "Exercise Set Row";
			sourceTree = "<group>";
		};
		C4CC24152E19728B002E2511 /* Set Type Icon Menu */ = {
			isa = PBXGroup;
			children = (
				C4CC24062E1622E6002E2511 /* SetTypeIconView.swift */,
				C4CC24022E161BB8002E2511 /* SetTypeIconMenuView.swift */,
				C4CC24042E161EB2002E2511 /* SetTypeInfoView.swift */,
			);
			path = "Set Type Icon Menu";
			sourceTree = "<group>";
		};
		C4CC24162E1972B4002E2511 /* Set Type Rows */ = {
			isa = PBXGroup;
			children = (
				C4CC24152E19728B002E2511 /* Set Type Icon Menu */,
				C4CC24172E1972D7002E2511 /* WeightedRepsSetRowView.swift */,
				C4CC24192E197314002E2511 /* BodyweightRepsSetRowView.swift */,
				C4CC241B2E197336002E2511 /* TimeBasedSetRowView.swift */,
				C4CC241D2E19735F002E2511 /* DistanceTimeSetRowView.swift */,
				C4CC241F2E197386002E2511 /* DistanceOnlySetRowView.swift */,
				C4CC24212E197398002E2511 /* TimeOnlySetRowView.swift */,
				C4CC24232E1973B2002E2511 /* RepsOnlySetRowView.swift */,
				C4CC24252E1973C8002E2511 /* HeightRepsSetRowView.swift */,
				C4CC24272E1973D9002E2511 /* HeightOnlySetRowView.swift */,
			);
			path = "Set Type Rows";
			sourceTree = "<group>";
		};
		C4CC24292E197425002E2511 /* Workout Exercise Sets */ = {
			isa = PBXGroup;
			children = (
				C4CC242E2E197606002E2511 /* Workout Exercise Header */,
				C4CC23FF2E161103002E2511 /* Exercise Set Row */,
				C40A14A52E10BBBB0069F35C /* WorkoutExerciseRowSetsView.swift */,
			);
			path = "Workout Exercise Sets";
			sourceTree = "<group>";
		};
		C4CC242A2E197499002E2511 /* Workout Header */ = {
			isa = PBXGroup;
			children = (
				C40A14812E1066200069F35C /* WorkoutHeaderView.swift */,
				C4CC23FD2E15FA00002E2511 /* CustomEditButton.swift */,
			);
			path = "Workout Header";
			sourceTree = "<group>";
		};
		C4CC242B2E19753A002E2511 /* Components */ = {
			isa = PBXGroup;
			children = (
				C4CC242A2E197499002E2511 /* Workout Header */,
				C4CC242C2E197565002E2511 /* Workout Exercises */,
				C4CC242D2E197596002E2511 /* Workout Footer */,
			);
			path = Components;
			sourceTree = "<group>";
		};
		C4CC242C2E197565002E2511 /* Workout Exercises */ = {
			isa = PBXGroup;
			children = (
				C40A149B2E10AC0B0069F35C /* Workout Exercise Row */,
				C40A14892E106E3D0069F35C /* WorkoutExerciseListView.swift */,
			);
			path = "Workout Exercises";
			sourceTree = "<group>";
		};
		C4CC242D2E197596002E2511 /* Workout Footer */ = {
			isa = PBXGroup;
			children = (
				C40A14832E10692F0069F35C /* WorkoutAddCancelButtonsView.swift */,
			);
			path = "Workout Footer";
			sourceTree = "<group>";
		};
		C4CC242E2E197606002E2511 /* Workout Exercise Header */ = {
			isa = PBXGroup;
			children = (
				C40A149D2E10AC1F0069F35C /* WorkoutExerciseRowColumnsHeaderView.swift */,
			);
			path = "Workout Exercise Header";
			sourceTree = "<group>";
		};
/* End PBXGroup section */

/* Begin PBXNativeTarget section */
		C40A13B12E0D78E70069F35C /* Workout App */ = {
			isa = PBXNativeTarget;
			buildConfigurationList = C40A13C02E0D78E70069F35C /* Build configuration list for PBXNativeTarget "Workout App" */;
			buildPhases = (
				C40A13AE2E0D78E70069F35C /* Sources */,
				C40A13AF2E0D78E70069F35C /* Frameworks */,
				C40A13B02E0D78E70069F35C /* Resources */,
			);
			buildRules = (
			);
			dependencies = (
			);
			name = "Workout App";
			packageProductDependencies = (
			);
			productName = "Workout App";
			productReference = C40A13B22E0D78E70069F35C /* Workout App.app */;
			productType = "com.apple.product-type.application";
		};
/* End PBXNativeTarget section */

/* Begin PBXProject section */
		C40A13AA2E0D78E70069F35C /* Project object */ = {
			isa = PBXProject;
			attributes = {
				BuildIndependentTargetsInParallel = 1;
				LastSwiftUpdateCheck = 1600;
				LastUpgradeCheck = 1600;
				TargetAttributes = {
					C40A13B12E0D78E70069F35C = {
						CreatedOnToolsVersion = 16.0;
					};
				};
			};
			buildConfigurationList = C40A13AD2E0D78E70069F35C /* Build configuration list for PBXProject "Workout App" */;
			developmentRegion = en;
			hasScannedForEncodings = 0;
			knownRegions = (
				en,
				Base,
			);
			mainGroup = C40A13A92E0D78E70069F35C;
			minimizedProjectReferenceProxies = 1;
			preferredProjectObjectVersion = 77;
			productRefGroup = C40A13B32E0D78E70069F35C /* Products */;
			projectDirPath = "";
			projectRoot = "";
			targets = (
				C40A13B12E0D78E70069F35C /* Workout App */,
			);
		};
/* End PBXProject section */

/* Begin PBXResourcesBuildPhase section */
		C40A13B02E0D78E70069F35C /* Resources */ = {
			isa = PBXResourcesBuildPhase;
			buildActionMask = 2147483647;
			files = (
				C40A13F22E0D7AC00069F35C /* Preview Assets.xcassets in Resources */,
				C40A13F32E0D7AC00069F35C /* Assets.xcassets in Resources */,
			);
			runOnlyForDeploymentPostprocessing = 0;
		};
/* End PBXResourcesBuildPhase section */

/* Begin PBXSourcesBuildPhase section */
		C40A13AE2E0D78E70069F35C /* Sources */ = {
			isa = PBXSourcesBuildPhase;
			buildActionMask = 2147483647;
			files = (
				C40A14A62E10BBBB0069F35C /* WorkoutExerciseRowSetsView.swift in Sources */,
				C40A140B2E0E07EC0069F35C /* MuscleRegion.swift in Sources */,
				C40A140F2E0E0F770069F35C /* ExerciseDetailView.swift in Sources */,
				C40A14532E0F85800069F35C /* Alphabetizable.swift in Sources */,
				C40A14982E108D1C0069F35C /* ExerciseType.swift in Sources */,
				C40A146D2E103DBD0069F35C /* Workout.swift in Sources */,
				C40A14572E0F858A0069F35C /* SectionIndexTitles.swift in Sources */,
				C40A14922E107CEA0069F35C /* Color+Extension.swift in Sources */,
				C40A142C2E0EB4E30069F35C /* EquipmentTypeFilterRowView.swift in Sources */,
				C40A14702E103E5F0069F35C /* ExerciseSortType.swift in Sources */,
				C40A147A2E1047230069F35C /* WorkoutView.swift in Sources */,
				C40A14A22E10AF020069F35C /* DistanceUnitType.swift in Sources */,
				C40A14262E0EB1650069F35C /* ExerciseFilterView.swift in Sources */,
				C4CC241E2E19735F002E2511 /* DistanceTimeSetRowView.swift in Sources */,
				C40A14942E107D140069F35C /* UIColor+Extension.swift in Sources */,
				C4CC24202E197386002E2511 /* DistanceOnlySetRowView.swift in Sources */,
				C40A14552E0F85850069F35C /* CollectionDisplayMode.swift in Sources */,
				C4CC241A2E197314002E2511 /* BodyweightRepsSetRowView.swift in Sources */,
				C40A14862E106C420069F35C /* ExerciseSet.swift in Sources */,
				C40A14322E0EB9CC0069F35C /* MuscleIconView.swift in Sources */,
				C40A14782E10458F0069F35C /* HistoryTab.swift in Sources */,
				C40A14822E1066200069F35C /* WorkoutHeaderView.swift in Sources */,
				C40A14A02E10AE9B0069F35C /* WeightUnitType.swift in Sources */,
				C4CC241C2E197336002E2511 /* TimeBasedSetRowView.swift in Sources */,
				C4CC24262E1973C8002E2511 /* HeightRepsSetRowView.swift in Sources */,
				C40A14302E0EB97D0069F35C /* MuscleTypeFilterRowView.swift in Sources */,
				C4CC24182E1972D7002E2511 /* WeightedRepsSetRowView.swift in Sources */,
				C40A13FD2E0D7D180069F35C /* DefaultExercises.swift in Sources */,
				C40A13F02E0D7AC00069F35C /* ContentView.swift in Sources */,
				C40A14A42E10AFF30069F35C /* HeightUnitType.swift in Sources */,
				C40A13FA2E0D7BCD0069F35C /* DataModel.swift in Sources */,
				C4CC24052E161EB2002E2511 /* SetTypeInfoView.swift in Sources */,
				C40A13F12E0D7AC00069F35C /* Workout_AppApp.swift in Sources */,
				C40A148F2E107C820069F35C /* DefaultSuperSetColors.swift in Sources */,
				C4CC24222E197398002E2511 /* TimeOnlySetRowView.swift in Sources */,
				C40A148D2E106FDC0069F35C /* AddWorkoutExerciseView.swift in Sources */,
				C40A147F2E10649B0069F35C /* GlobalHelpers.swift in Sources */,
				C4CC24282E1973D9002E2511 /* HeightOnlySetRowView.swift in Sources */,
				C40A148A2E106E3D0069F35C /* WorkoutExerciseListView.swift in Sources */,
				C40A14842E10692F0069F35C /* WorkoutAddCancelButtonsView.swift in Sources */,
				C40A14282E0EB2C10069F35C /* EquipmentTypeFilterView.swift in Sources */,
				C4CC23E42E14B190002E2511 /* NavigationPaths.swift in Sources */,
				C40A14882E106D410069F35C /* WorkoutExercise.swift in Sources */,
				C40A14242E0E1DC50069F35C /* EquipmentType.swift in Sources */,
				C40A14042E0E03480069F35C /* ExerciseRowView.swift in Sources */,
				C40A149C2E10AC0B0069F35C /* WorkoutExerciseRowView.swift in Sources */,
				C4CC24012E161125002E2511 /* WorkoutExerciseSetRow.swift in Sources */,
				C40A14512E0F85780069F35C /* AlphabetScrollView.swift in Sources */,
				C40A14752E1045730069F35C /* WorkoutTab.swift in Sources */,
				C40A14092E0E061A0069F35C /* MuscleType.swift in Sources */,
				C40A14022E0D7F810069F35C /* ExerciseListView.swift in Sources */,
				C40A14062E0E05300069F35C /* ExerciseIconView.swift in Sources */,
				C4CC24242E1973B2002E2511 /* RepsOnlySetRowView.swift in Sources */,
				C40A142E2E0EB91E0069F35C /* MuscleTypeFilterView.swift in Sources */,
				C4CC24072E1622E6002E2511 /* SetTypeIconView.swift in Sources */,
				C4CC23FE2E15FA00002E2511 /* CustomEditButton.swift in Sources */,
				C40A14492E0EBAE10069F35C /* FilterButtonLabel.swift in Sources */,
				C40A14722E1040DF0069F35C /* ExerciseTab.swift in Sources */,
				C4CC24032E161BB8002E2511 /* SetTypeIconMenuView.swift in Sources */,
				C40A142A2E0EB3920069F35C /* EquipmentIconView.swift in Sources */,
				C40A149E2E10AC1F0069F35C /* WorkoutExerciseRowColumnsHeaderView.swift in Sources */,
				C40A13F92E0D7B250069F35C /* Exercise.swift in Sources */,
			);
			runOnlyForDeploymentPostprocessing = 0;
		};
/* End PBXSourcesBuildPhase section */

/* Begin XCBuildConfiguration section */
		C40A13BE2E0D78E70069F35C /* Debug */ = {
			isa = XCBuildConfiguration;
			buildSettings = {
				ALWAYS_SEARCH_USER_PATHS = NO;
				ASSETCATALOG_COMPILER_GENERATE_SWIFT_ASSET_SYMBOL_EXTENSIONS = YES;
				CLANG_ANALYZER_NONNULL = YES;
				CLANG_ANALYZER_NUMBER_OBJECT_CONVERSION = YES_AGGRESSIVE;
				CLANG_CXX_LANGUAGE_STANDARD = "gnu++20";
				CLANG_ENABLE_MODULES = YES;
				CLANG_ENABLE_OBJC_ARC = YES;
				CLANG_ENABLE_OBJC_WEAK = YES;
				CLANG_WARN_BLOCK_CAPTURE_AUTORELEASING = YES;
				CLANG_WARN_BOOL_CONVERSION = YES;
				CLANG_WARN_COMMA = YES;
				CLANG_WARN_CONSTANT_CONVERSION = YES;
				CLANG_WARN_DEPRECATED_OBJC_IMPLEMENTATIONS = YES;
				CLANG_WARN_DIRECT_OBJC_ISA_USAGE = YES_ERROR;
				CLANG_WARN_DOCUMENTATION_COMMENTS = YES;
				CLANG_WARN_EMPTY_BODY = YES;
				CLANG_WARN_ENUM_CONVERSION = YES;
				CLANG_WARN_INFINITE_RECURSION = YES;
				CLANG_WARN_INT_CONVERSION = YES;
				CLANG_WARN_NON_LITERAL_NULL_CONVERSION = YES;
				CLANG_WARN_OBJC_IMPLICIT_RETAIN_SELF = YES;
				CLANG_WARN_OBJC_LITERAL_CONVERSION = YES;
				CLANG_WARN_OBJC_ROOT_CLASS = YES_ERROR;
				CLANG_WARN_QUOTED_INCLUDE_IN_FRAMEWORK_HEADER = YES;
				CLANG_WARN_RANGE_LOOP_ANALYSIS = YES;
				CLANG_WARN_STRICT_PROTOTYPES = YES;
				CLANG_WARN_SUSPICIOUS_MOVE = YES;
				CLANG_WARN_UNGUARDED_AVAILABILITY = YES_AGGRESSIVE;
				CLANG_WARN_UNREACHABLE_CODE = YES;
				CLANG_WARN__DUPLICATE_METHOD_MATCH = YES;
				COPY_PHASE_STRIP = NO;
				DEBUG_INFORMATION_FORMAT = dwarf;
				ENABLE_STRICT_OBJC_MSGSEND = YES;
				ENABLE_TESTABILITY = YES;
				ENABLE_USER_SCRIPT_SANDBOXING = YES;
				GCC_C_LANGUAGE_STANDARD = gnu17;
				GCC_DYNAMIC_NO_PIC = NO;
				GCC_NO_COMMON_BLOCKS = YES;
				GCC_OPTIMIZATION_LEVEL = 0;
				GCC_PREPROCESSOR_DEFINITIONS = (
					"DEBUG=1",
					"$(inherited)",
				);
				GCC_WARN_64_TO_32_BIT_CONVERSION = YES;
				GCC_WARN_ABOUT_RETURN_TYPE = YES_ERROR;
				GCC_WARN_UNDECLARED_SELECTOR = YES;
				GCC_WARN_UNINITIALIZED_AUTOS = YES_AGGRESSIVE;
				GCC_WARN_UNUSED_FUNCTION = YES;
				GCC_WARN_UNUSED_VARIABLE = YES;
				IPHONEOS_DEPLOYMENT_TARGET = 18.0;
				LOCALIZATION_PREFERS_STRING_CATALOGS = YES;
				MTL_ENABLE_DEBUG_INFO = INCLUDE_SOURCE;
				MTL_FAST_MATH = YES;
				ONLY_ACTIVE_ARCH = YES;
				SDKROOT = iphoneos;
				SWIFT_ACTIVE_COMPILATION_CONDITIONS = "DEBUG $(inherited)";
				SWIFT_OPTIMIZATION_LEVEL = "-Onone";
			};
			name = Debug;
		};
		C40A13BF2E0D78E70069F35C /* Release */ = {
			isa = XCBuildConfiguration;
			buildSettings = {
				ALWAYS_SEARCH_USER_PATHS = NO;
				ASSETCATALOG_COMPILER_GENERATE_SWIFT_ASSET_SYMBOL_EXTENSIONS = YES;
				CLANG_ANALYZER_NONNULL = YES;
				CLANG_ANALYZER_NUMBER_OBJECT_CONVERSION = YES_AGGRESSIVE;
				CLANG_CXX_LANGUAGE_STANDARD = "gnu++20";
				CLANG_ENABLE_MODULES = YES;
				CLANG_ENABLE_OBJC_ARC = YES;
				CLANG_ENABLE_OBJC_WEAK = YES;
				CLANG_WARN_BLOCK_CAPTURE_AUTORELEASING = YES;
				CLANG_WARN_BOOL_CONVERSION = YES;
				CLANG_WARN_COMMA = YES;
				CLANG_WARN_CONSTANT_CONVERSION = YES;
				CLANG_WARN_DEPRECATED_OBJC_IMPLEMENTATIONS = YES;
				CLANG_WARN_DIRECT_OBJC_ISA_USAGE = YES_ERROR;
				CLANG_WARN_DOCUMENTATION_COMMENTS = YES;
				CLANG_WARN_EMPTY_BODY = YES;
				CLANG_WARN_ENUM_CONVERSION = YES;
				CLANG_WARN_INFINITE_RECURSION = YES;
				CLANG_WARN_INT_CONVERSION = YES;
				CLANG_WARN_NON_LITERAL_NULL_CONVERSION = YES;
				CLANG_WARN_OBJC_IMPLICIT_RETAIN_SELF = YES;
				CLANG_WARN_OBJC_LITERAL_CONVERSION = YES;
				CLANG_WARN_OBJC_ROOT_CLASS = YES_ERROR;
				CLANG_WARN_QUOTED_INCLUDE_IN_FRAMEWORK_HEADER = YES;
				CLANG_WARN_RANGE_LOOP_ANALYSIS = YES;
				CLANG_WARN_STRICT_PROTOTYPES = YES;
				CLANG_WARN_SUSPICIOUS_MOVE = YES;
				CLANG_WARN_UNGUARDED_AVAILABILITY = YES_AGGRESSIVE;
				CLANG_WARN_UNREACHABLE_CODE = YES;
				CLANG_WARN__DUPLICATE_METHOD_MATCH = YES;
				COPY_PHASE_STRIP = NO;
				DEBUG_INFORMATION_FORMAT = "dwarf-with-dsym";
				ENABLE_NS_ASSERTIONS = NO;
				ENABLE_STRICT_OBJC_MSGSEND = YES;
				ENABLE_USER_SCRIPT_SANDBOXING = YES;
				GCC_C_LANGUAGE_STANDARD = gnu17;
				GCC_NO_COMMON_BLOCKS = YES;
				GCC_WARN_64_TO_32_BIT_CONVERSION = YES;
				GCC_WARN_ABOUT_RETURN_TYPE = YES_ERROR;
				GCC_WARN_UNDECLARED_SELECTOR = YES;
				GCC_WARN_UNINITIALIZED_AUTOS = YES_AGGRESSIVE;
				GCC_WARN_UNUSED_FUNCTION = YES;
				GCC_WARN_UNUSED_VARIABLE = YES;
				IPHONEOS_DEPLOYMENT_TARGET = 18.0;
				LOCALIZATION_PREFERS_STRING_CATALOGS = YES;
				MTL_ENABLE_DEBUG_INFO = NO;
				MTL_FAST_MATH = YES;
				SDKROOT = iphoneos;
				SWIFT_COMPILATION_MODE = wholemodule;
				VALIDATE_PRODUCT = YES;
			};
			name = Release;
		};
		C40A13C12E0D78E70069F35C /* Debug */ = {
			isa = XCBuildConfiguration;
			buildSettings = {
				ASSETCATALOG_COMPILER_APPICON_NAME = AppIcon;
				ASSETCATALOG_COMPILER_GLOBAL_ACCENT_COLOR_NAME = AccentColor;
				CODE_SIGN_STYLE = Automatic;
				CURRENT_PROJECT_VERSION = 1;
				DEVELOPMENT_ASSET_PATHS = "\"Workout App/Preview Content\"";
				DEVELOPMENT_TEAM = UPDZ72Q2M2;
				ENABLE_PREVIEWS = YES;
				GENERATE_INFOPLIST_FILE = YES;
				INFOPLIST_KEY_UIApplicationSceneManifest_Generation = YES;
				INFOPLIST_KEY_UIApplicationSupportsIndirectInputEvents = YES;
				INFOPLIST_KEY_UILaunchScreen_Generation = YES;
				INFOPLIST_KEY_UISupportedInterfaceOrientations_iPad = "UIInterfaceOrientationPortrait UIInterfaceOrientationPortraitUpsideDown UIInterfaceOrientationLandscapeLeft UIInterfaceOrientationLandscapeRight";
				INFOPLIST_KEY_UISupportedInterfaceOrientations_iPhone = "UIInterfaceOrientationPortrait UIInterfaceOrientationLandscapeLeft UIInterfaceOrientationLandscapeRight";
				LD_RUNPATH_SEARCH_PATHS = (
					"$(inherited)",
					"@executable_path/Frameworks",
				);
				MARKETING_VERSION = 1.0;
				PRODUCT_BUNDLE_IDENTIFIER = "com.jonathanyoung.Workout-App";
				PRODUCT_NAME = "$(TARGET_NAME)";
				SWIFT_EMIT_LOC_STRINGS = YES;
				SWIFT_VERSION = 5.0;
				TARGETED_DEVICE_FAMILY = "1,2";
			};
			name = Debug;
		};
		C40A13C22E0D78E70069F35C /* Release */ = {
			isa = XCBuildConfiguration;
			buildSettings = {
				ASSETCATALOG_COMPILER_APPICON_NAME = AppIcon;
				ASSETCATALOG_COMPILER_GLOBAL_ACCENT_COLOR_NAME = AccentColor;
				CODE_SIGN_STYLE = Automatic;
				CURRENT_PROJECT_VERSION = 1;
				DEVELOPMENT_ASSET_PATHS = "\"Workout App/Preview Content\"";
				DEVELOPMENT_TEAM = UPDZ72Q2M2;
				ENABLE_PREVIEWS = YES;
				GENERATE_INFOPLIST_FILE = YES;
				INFOPLIST_KEY_UIApplicationSceneManifest_Generation = YES;
				INFOPLIST_KEY_UIApplicationSupportsIndirectInputEvents = YES;
				INFOPLIST_KEY_UILaunchScreen_Generation = YES;
				INFOPLIST_KEY_UISupportedInterfaceOrientations_iPad = "UIInterfaceOrientationPortrait UIInterfaceOrientationPortraitUpsideDown UIInterfaceOrientationLandscapeLeft UIInterfaceOrientationLandscapeRight";
				INFOPLIST_KEY_UISupportedInterfaceOrientations_iPhone = "UIInterfaceOrientationPortrait UIInterfaceOrientationLandscapeLeft UIInterfaceOrientationLandscapeRight";
				LD_RUNPATH_SEARCH_PATHS = (
					"$(inherited)",
					"@executable_path/Frameworks",
				);
				MARKETING_VERSION = 1.0;
				PRODUCT_BUNDLE_IDENTIFIER = "com.jonathanyoung.Workout-App";
				PRODUCT_NAME = "$(TARGET_NAME)";
				SWIFT_EMIT_LOC_STRINGS = YES;
				SWIFT_VERSION = 5.0;
				TARGETED_DEVICE_FAMILY = "1,2";
			};
			name = Release;
		};
/* End XCBuildConfiguration section */

/* Begin XCConfigurationList section */
		C40A13AD2E0D78E70069F35C /* Build configuration list for PBXProject "Workout App" */ = {
			isa = XCConfigurationList;
			buildConfigurations = (
				C40A13BE2E0D78E70069F35C /* Debug */,
				C40A13BF2E0D78E70069F35C /* Release */,
			);
			defaultConfigurationIsVisible = 0;
			defaultConfigurationName = Release;
		};
		C40A13C02E0D78E70069F35C /* Build configuration list for PBXNativeTarget "Workout App" */ = {
			isa = XCConfigurationList;
			buildConfigurations = (
				C40A13C12E0D78E70069F35C /* Debug */,
				C40A13C22E0D78E70069F35C /* Release */,
			);
			defaultConfigurationIsVisible = 0;
			defaultConfigurationName = Release;
		};
/* End XCConfigurationList section */
	};
	rootObject = C40A13AA2E0D78E70069F35C /* Project object */;
}
